{
  "version": 4,
  "terraform_version": "1.4.6",
  "serial": 13,
  "lineage": "6b45e7e7-26c1-aac4-d7b0-8f96b95fd9f3",
  "outputs": {
    "instrumentation_key": {
      "value": "320a1bf9-a3ab-4736-97db-fbccb9a70e13",
      "type": "string",
      "sensitive": true
    }
  },
  "resources": [
    {
      "mode": "managed",
      "type": "azurerm_application_insights",
      "name": "default",
      "provider": "provider[\"registry.terraform.io/hashicorp/azurerm\"]",
      "instances": [
        {
          "schema_version": 1,
          "attributes": {
            "app_id": "3f211ab1-9a58-4367-8645-9df1a651ccd5",
            "application_type": "java",
            "connection_string": "InstrumentationKey=320a1bf9-a3ab-4736-97db-fbccb9a70e13;IngestionEndpoint=https://westeurope-5.in.applicationinsights.azure.com/;LiveEndpoint=https://westeurope.livediagnostics.monitor.azure.com/",
            "daily_data_cap_in_gb": 100,
            "daily_data_cap_notifications_disabled": false,
            "disable_ip_masking": false,
            "force_customer_storage_for_profiler": false,
            "id": "/subscriptions/c14e0643-3949-4d48-8ed8-b0d239e20481/resourceGroups/observability-rg/providers/Microsoft.Insights/components/observability-ai",
            "instrumentation_key": "320a1bf9-a3ab-4736-97db-fbccb9a70e13",
            "internet_ingestion_enabled": true,
            "internet_query_enabled": true,
            "local_authentication_disabled": false,
            "location": "westeurope",
            "name": "observability-ai",
            "resource_group_name": "observability-rg",
            "retention_in_days": 90,
            "sampling_percentage": 100,
            "tags": {
              "environment": "dev"
            },
            "timeouts": null,
            "workspace_id": "/subscriptions/c14e0643-3949-4d48-8ed8-b0d239e20481/resourceGroups/observability-rg/providers/Microsoft.OperationalInsights/workspaces/observability-law"
          },
          "sensitive_attributes": [],
          "private": "eyJlMmJmYjczMC1lY2FhLTExZTYtOGY4OC0zNDM2M2JjN2M0YzAiOnsiY3JlYXRlIjoxODAwMDAwMDAwMDAwLCJkZWxldGUiOjE4MDAwMDAwMDAwMDAsInJlYWQiOjMwMDAwMDAwMDAwMCwidXBkYXRlIjoxODAwMDAwMDAwMDAwfSwic2NoZW1hX3ZlcnNpb24iOiIxIn0=",
          "dependencies": [
            "azurerm_log_analytics_workspace.default",
            "azurerm_resource_group.default"
          ]
        }
      ]
    },
    {
      "mode": "managed",
      "type": "azurerm_log_analytics_workspace",
      "name": "default",
      "provider": "provider[\"registry.terraform.io/hashicorp/azurerm\"]",
      "instances": [
        {
          "schema_version": 2,
          "attributes": {
            "daily_quota_gb": -1,
            "id": "/subscriptions/c14e0643-3949-4d48-8ed8-b0d239e20481/resourceGroups/observability-rg/providers/Microsoft.OperationalInsights/workspaces/observability-law",
            "internet_ingestion_enabled": true,
            "internet_query_enabled": true,
            "location": "westeurope",
            "name": "observability-law",
            "portal_url": "",
            "primary_shared_key": "qr2+Zz61YRSRH7QOyLz9NmexhPdTUEvPcjTJ3Lj+Tbl8SMtpoevA2/WFN6sJCAUeeKIT0n82uiL5xJ+F5l5+gQ==",
            "reservation_capacity_in_gb_per_day": null,
            "reservation_capcity_in_gb_per_day": null,
            "resource_group_name": "observability-rg",
            "retention_in_days": 30,
            "secondary_shared_key": "CxDGXarRYUhIjA7bneK73g1L8dqMMFUUr3hTdwwOXy+2CTXxQcbqskjnvZbbtLS7qScE6067KvxbphuVzxMW1w==",
            "sku": "PerGB2018",
            "tags": null,
            "timeouts": null,
            "workspace_id": "46f8376b-7cf4-4a00-bec1-efb9534f7514"
          },
          "sensitive_attributes": [],
          "private": "eyJlMmJmYjczMC1lY2FhLTExZTYtOGY4OC0zNDM2M2JjN2M0YzAiOnsiY3JlYXRlIjoxODAwMDAwMDAwMDAwLCJkZWxldGUiOjE4MDAwMDAwMDAwMDAsInJlYWQiOjMwMDAwMDAwMDAwMCwidXBkYXRlIjoxODAwMDAwMDAwMDAwfSwic2NoZW1hX3ZlcnNpb24iOiIyIn0=",
          "dependencies": [
            "azurerm_resource_group.default"
          ]
        }
      ]
    },
    {
      "mode": "managed",
      "type": "azurerm_resource_group",
      "name": "default",
      "provider": "provider[\"registry.terraform.io/hashicorp/azurerm\"]",
      "instances": [
        {
          "schema_version": 0,
          "attributes": {
            "id": "/subscriptions/c14e0643-3949-4d48-8ed8-b0d239e20481/resourceGroups/observability-rg",
            "location": "westeurope",
            "name": "observability-rg",
            "tags": null,
            "timeouts": null
          },
          "sensitive_attributes": [],
          "private": "eyJlMmJmYjczMC1lY2FhLTExZTYtOGY4OC0zNDM2M2JjN2M0YzAiOnsiY3JlYXRlIjo1NDAwMDAwMDAwMDAwLCJkZWxldGUiOjU0MDAwMDAwMDAwMDAsInJlYWQiOjMwMDAwMDAwMDAwMCwidXBkYXRlIjo1NDAwMDAwMDAwMDAwfX0="
        }
      ]
    }
  ],
  "check_results": null
}
